{
  "object": {
    "pins": [
      {
        "package": "Gedatsu",
        "repositoryURL": "https://github.com/bannzai/Gedatsu",
        "state": {
          "branch": null,
          "revision": "644f18f82943ed9f6392a5c3ca88a430524a789f",
          "version": "1.2.0"
        }
      },
      {
        "package": "RxSwift",
        "repositoryURL": "https://github.com/ReactiveX/RxSwift",
        "state": {
          "branch": null,
          "revision": "002d325b0bdee94e7882e1114af5ff4fe1e96afa",
          "version": "5.1.1"
        }
      }
    ]
  },
  "version": 1
}
